
Microsoft Visual Studio Solution File, Format Version 12.00
# Visual Studio Version 17
VisualStudioVersion = 17.14.36518.9
MinimumVisualStudioVersion = 10.0.40219.1
Project("{FAE04EC0-301F-11D3-BF4B-00C04F79EFBC}") = "lab1", "lab1\lab1.csproj", "{042A3FDC-4B52-4FC0-80AD-294547BA6363}"
EndProject
Project("{FAE04EC0-301F-11D3-BF4B-00C04F79EFBC}") = "lab2", "lab22\lab2.csproj", "{F5403EF5-4B40-48C0-AE2B-98D9A2DBB4D2}"
EndProject
Project("{FAE04EC0-301F-11D3-BF4B-00C04F79EFBC}") = "lab3", "lab3\lab3.csproj", "{2BC51EBB-D0BB-4F90-9787-475C53699C58}"
EndProject
Project("{FAE04EC0-301F-11D3-BF4B-00C04F79EFBC}") = "lab4", "lab4\lab4.csproj", "{D17106DE-5557-46C3-A578-A301B58CE97B}"
EndProject
Global
	GlobalSection(SolutionConfigurationPlatforms) = preSolution
		Debug|Any CPU = Debug|Any CPU
		Release|Any CPU = Release|Any CPU
	EndGlobalSection
	GlobalSection(ProjectConfigurationPlatforms) = postSolution
		{042A3FDC-4B52-4FC0-80AD-294547BA6363}.Debug|Any CPU.ActiveCfg = Debug|Any CPU
		{042A3FDC-4B52-4FC0-80AD-294547BA6363}.Debug|Any CPU.Build.0 = Debug|Any CPU
		{042A3FDC-4B52-4FC0-80AD-294547BA6363}.Release|Any CPU.ActiveCfg = Release|Any CPU
		{042A3FDC-4B52-4FC0-80AD-294547BA6363}.Release|Any CPU.Build.0 = Release|Any CPU
		{F5403EF5-4B40-48C0-AE2B-98D9A2DBB4D2}.Debug|Any CPU.ActiveCfg = Debug|Any CPU
		{F5403EF5-4B40-48C0-AE2B-98D9A2DBB4D2}.Debug|Any CPU.Build.0 = Debug|Any CPU
		{F5403EF5-4B40-48C0-AE2B-98D9A2DBB4D2}.Release|Any CPU.ActiveCfg = Release|Any CPU
		{F5403EF5-4B40-48C0-AE2B-98D9A2DBB4D2}.Release|Any CPU.Build.0 = Release|Any CPU
		{2BC51EBB-D0BB-4F90-9787-475C53699C58}.Debug|Any CPU.ActiveCfg = Debug|Any CPU
		{2BC51EBB-D0BB-4F90-9787-475C53699C58}.Debug|Any CPU.Build.0 = Debug|Any CPU
		{2BC51EBB-D0BB-4F90-9787-475C53699C58}.Release|Any CPU.ActiveCfg = Release|Any CPU
		{2BC51EBB-D0BB-4F90-9787-475C53699C58}.Release|Any CPU.Build.0 = Release|Any CPU
		{D17106DE-5557-46C3-A578-A301B58CE97B}.Debug|Any CPU.ActiveCfg = Debug|Any CPU
		{D17106DE-5557-46C3-A578-A301B58CE97B}.Debug|Any CPU.Build.0 = Debug|Any CPU
		{D17106DE-5557-46C3-A578-A301B58CE97B}.Release|Any CPU.ActiveCfg = Release|Any CPU
		{D17106DE-5557-46C3-A578-A301B58CE97B}.Release|Any CPU.Build.0 = Release|Any CPU
	EndGlobalSection
	GlobalSection(SolutionProperties) = preSolution
		HideSolutionNode = FALSE
	EndGlobalSection
	GlobalSection(ExtensibilityGlobals) = postSolution
		SolutionGuid = {8BD94FC1-296B-4A2B-A9E3-EC111E9AFC3F}
	EndGlobalSection
EndGlobal
